// !$*UTF8*$!
{
	archiveVersion = 1;
	classes = {
	};
	objectVersion = 50;
	objects = {

/* Begin PBXBuildFile section */
		D34552B7210B5607009CF6EB /* SysexCodingTest.swift in Sources */ = {isa = PBXBuildFile; fileRef = D368796A20F79C35005A723E /* SysexCodingTest.swift */; };
		D34552B9210B5677009CF6EB /* GlobalSettingsTest.swift in Sources */ = {isa = PBXBuildFile; fileRef = D34552B8210B5677009CF6EB /* GlobalSettingsTest.swift */; };
		D34552BA210B56AC009CF6EB /* Message.swift in Sources */ = {isa = PBXBuildFile; fileRef = D368795820F79092005A723E /* Message.swift */; };
		D34552BB210B56B0009CF6EB /* MessageType.swift in Sources */ = {isa = PBXBuildFile; fileRef = D368795A20F79126005A723E /* MessageType.swift */; };
		D34552BC210B56B7009CF6EB /* GlobalSettings.swift in Sources */ = {isa = PBXBuildFile; fileRef = D3BA678A210B31760033D76D /* GlobalSettings.swift */; };
		D34552BD210B56BE009CF6EB /* NeutronMessage.swift in Sources */ = {isa = PBXBuildFile; fileRef = D368795620F78E7C005A723E /* NeutronMessage.swift */; };
		D34552BE210B56D3009CF6EB /* SysexParser.swift in Sources */ = {isa = PBXBuildFile; fileRef = D368795C20F7955B005A723E /* SysexParser.swift */; };
		D34552BF210B56DB009CF6EB /* HexString+Array.swift in Sources */ = {isa = PBXBuildFile; fileRef = D368795E20F79886005A723E /* HexString+Array.swift */; };
		D34552C0210B56E2009CF6EB /* Array+Sequence.swift in Sources */ = {isa = PBXBuildFile; fileRef = D368797020F79F28005A723E /* Array+Sequence.swift */; };
		D34552C1210B56E5009CF6EB /* MIDIEndpointRef+String.swift in Sources */ = {isa = PBXBuildFile; fileRef = D368797220F79FB5005A723E /* MIDIEndpointRef+String.swift */; };
		D34552C3210B698C009CF6EB /* ParameterType.swift in Sources */ = {isa = PBXBuildFile; fileRef = D34552C2210B698C009CF6EB /* ParameterType.swift */; };
		D34552C5210B7740009CF6EB /* DeepDecription+Any.swift in Sources */ = {isa = PBXBuildFile; fileRef = D34552C4210B7740009CF6EB /* DeepDecription+Any.swift */; };
		D34552C6210B7770009CF6EB /* DeepDecription+Any.swift in Sources */ = {isa = PBXBuildFile; fileRef = D34552C4210B7740009CF6EB /* DeepDecription+Any.swift */; };
		D34552C7210C93E1009CF6EB /* ParameterType.swift in Sources */ = {isa = PBXBuildFile; fileRef = D34552C2210B698C009CF6EB /* ParameterType.swift */; };
		D368794B20F78891005A723E /* main.swift in Sources */ = {isa = PBXBuildFile; fileRef = D368794A20F78891005A723E /* main.swift */; };
		D368795320F78BBD005A723E /* MIDIEngine.swift in Sources */ = {isa = PBXBuildFile; fileRef = D368795220F78BBD005A723E /* MIDIEngine.swift */; };
		D368795520F78CF5005A723E /* MessageHandler.swift in Sources */ = {isa = PBXBuildFile; fileRef = D368795420F78CF5005A723E /* MessageHandler.swift */; };
		D368795720F78E7C005A723E /* NeutronMessage.swift in Sources */ = {isa = PBXBuildFile; fileRef = D368795620F78E7C005A723E /* NeutronMessage.swift */; };
		D368795920F79092005A723E /* Message.swift in Sources */ = {isa = PBXBuildFile; fileRef = D368795820F79092005A723E /* Message.swift */; };
		D368795B20F79126005A723E /* MessageType.swift in Sources */ = {isa = PBXBuildFile; fileRef = D368795A20F79126005A723E /* MessageType.swift */; };
		D368795D20F7955B005A723E /* SysexParser.swift in Sources */ = {isa = PBXBuildFile; fileRef = D368795C20F7955B005A723E /* SysexParser.swift */; };
		D368795F20F79886005A723E /* HexString+Array.swift in Sources */ = {isa = PBXBuildFile; fileRef = D368795E20F79886005A723E /* HexString+Array.swift */; };
		D368796120F79A17005A723E /* Units+TimeInterval.swift in Sources */ = {isa = PBXBuildFile; fileRef = D368796020F79A17005A723E /* Units+TimeInterval.swift */; };
		D368796320F79AAA005A723E /* TuningData.swift in Sources */ = {isa = PBXBuildFile; fileRef = D368796220F79AAA005A723E /* TuningData.swift */; };
		D368797120F79F28005A723E /* Array+Sequence.swift in Sources */ = {isa = PBXBuildFile; fileRef = D368797020F79F28005A723E /* Array+Sequence.swift */; };
		D368797320F79FB5005A723E /* MIDIEndpointRef+String.swift in Sources */ = {isa = PBXBuildFile; fileRef = D368797220F79FB5005A723E /* MIDIEndpointRef+String.swift */; };
		D3BA678B210B31760033D76D /* GlobalSettings.swift in Sources */ = {isa = PBXBuildFile; fileRef = D3BA678A210B31760033D76D /* GlobalSettings.swift */; };
/* End PBXBuildFile section */

/* Begin PBXCopyFilesBuildPhase section */
		D368794520F78891005A723E /* CopyFiles */ = {
			isa = PBXCopyFilesBuildPhase;
			buildActionMask = 2147483647;
			dstPath = /usr/share/man/man1/;
			dstSubfolderSpec = 0;
			files = (
			);
			runOnlyForDeploymentPostprocessing = 1;
		};
/* End PBXCopyFilesBuildPhase section */

/* Begin PBXFileReference section */
		D34552AF210B5594009CF6EB /* NeutronTuningDataTests.xctest */ = {isa = PBXFileReference; explicitFileType = wrapper.cfbundle; includeInIndex = 0; path = NeutronTuningDataTests.xctest; sourceTree = BUILT_PRODUCTS_DIR; };
		D34552B3210B5594009CF6EB /* Info.plist */ = {isa = PBXFileReference; lastKnownFileType = text.plist.xml; path = Info.plist; sourceTree = "<group>"; };
		D34552B8210B5677009CF6EB /* GlobalSettingsTest.swift */ = {isa = PBXFileReference; fileEncoding = 4; lastKnownFileType = sourcecode.swift; name = GlobalSettingsTest.swift; path = SysexCodingTest/GlobalSettingsTest.swift; sourceTree = SOURCE_ROOT; };
		D34552C2210B698C009CF6EB /* ParameterType.swift */ = {isa = PBXFileReference; lastKnownFileType = sourcecode.swift; path = ParameterType.swift; sourceTree = "<group>"; };
		D34552C4210B7740009CF6EB /* DeepDecription+Any.swift */ = {isa = PBXFileReference; fileEncoding = 4; lastKnownFileType = sourcecode.swift; path = "DeepDecription+Any.swift"; sourceTree = "<group>"; };
		D368794720F78891005A723E /* NeutronTuningData */ = {isa = PBXFileReference; explicitFileType = "compiled.mach-o.executable"; includeInIndex = 0; path = NeutronTuningData; sourceTree = BUILT_PRODUCTS_DIR; };
		D368794A20F78891005A723E /* main.swift */ = {isa = PBXFileReference; lastKnownFileType = sourcecode.swift; path = main.swift; sourceTree = "<group>"; };
		D368795220F78BBD005A723E /* MIDIEngine.swift */ = {isa = PBXFileReference; lastKnownFileType = sourcecode.swift; path = MIDIEngine.swift; sourceTree = "<group>"; };
		D368795420F78CF5005A723E /* MessageHandler.swift */ = {isa = PBXFileReference; lastKnownFileType = sourcecode.swift; path = MessageHandler.swift; sourceTree = "<group>"; };
		D368795620F78E7C005A723E /* NeutronMessage.swift */ = {isa = PBXFileReference; lastKnownFileType = sourcecode.swift; path = NeutronMessage.swift; sourceTree = "<group>"; };
		D368795820F79092005A723E /* Message.swift */ = {isa = PBXFileReference; lastKnownFileType = sourcecode.swift; path = Message.swift; sourceTree = "<group>"; };
		D368795A20F79126005A723E /* MessageType.swift */ = {isa = PBXFileReference; lastKnownFileType = sourcecode.swift; path = MessageType.swift; sourceTree = "<group>"; };
		D368795C20F7955B005A723E /* SysexParser.swift */ = {isa = PBXFileReference; lastKnownFileType = sourcecode.swift; path = SysexParser.swift; sourceTree = "<group>"; };
		D368795E20F79886005A723E /* HexString+Array.swift */ = {isa = PBXFileReference; lastKnownFileType = sourcecode.swift; path = "HexString+Array.swift"; sourceTree = "<group>"; };
		D368796020F79A17005A723E /* Units+TimeInterval.swift */ = {isa = PBXFileReference; lastKnownFileType = sourcecode.swift; path = "Units+TimeInterval.swift"; sourceTree = "<group>"; };
		D368796220F79AAA005A723E /* TuningData.swift */ = {isa = PBXFileReference; lastKnownFileType = sourcecode.swift; path = TuningData.swift; sourceTree = "<group>"; };
		D368796A20F79C35005A723E /* SysexCodingTest.swift */ = {isa = PBXFileReference; lastKnownFileType = sourcecode.swift; path = SysexCodingTest.swift; sourceTree = "<group>"; };
		D368797020F79F28005A723E /* Array+Sequence.swift */ = {isa = PBXFileReference; lastKnownFileType = sourcecode.swift; path = "Array+Sequence.swift"; sourceTree = "<group>"; };
		D368797220F79FB5005A723E /* MIDIEndpointRef+String.swift */ = {isa = PBXFileReference; lastKnownFileType = sourcecode.swift; path = "MIDIEndpointRef+String.swift"; sourceTree = "<group>"; };
		D3BA678A210B31760033D76D /* GlobalSettings.swift */ = {isa = PBXFileReference; lastKnownFileType = sourcecode.swift; path = GlobalSettings.swift; sourceTree = "<group>"; };
/* End PBXFileReference section */

/* Begin PBXFrameworksBuildPhase section */
		D34552AC210B5594009CF6EB /* Frameworks */ = {
			isa = PBXFrameworksBuildPhase;
			buildActionMask = 2147483647;
			files = (
			);
			runOnlyForDeploymentPostprocessing = 0;
		};
		D368794420F78891005A723E /* Frameworks */ = {
			isa = PBXFrameworksBuildPhase;
			buildActionMask = 2147483647;
			files = (
			);
			runOnlyForDeploymentPostprocessing = 0;
		};
/* End PBXFrameworksBuildPhase section */

/* Begin PBXGroup section */
		D34552B0210B5594009CF6EB /* NeutronTuningDataTests */ = {
			isa = PBXGroup;
			children = (
				D368796A20F79C35005A723E /* SysexCodingTest.swift */,
				D34552B8210B5677009CF6EB /* GlobalSettingsTest.swift */,
				D34552B3210B5594009CF6EB /* Info.plist */,
			);
			path = NeutronTuningDataTests;
			sourceTree = "<group>";
		};
		D368793E20F78891005A723E = {
			isa = PBXGroup;
			children = (
				D368794920F78891005A723E /* NeutronTuningData */,
				D34552B0210B5594009CF6EB /* NeutronTuningDataTests */,
				D368794820F78891005A723E /* Products */,
			);
			sourceTree = "<group>";
		};
		D368794820F78891005A723E /* Products */ = {
			isa = PBXGroup;
			children = (
				D368794720F78891005A723E /* NeutronTuningData */,
				D34552AF210B5594009CF6EB /* NeutronTuningDataTests.xctest */,
			);
			name = Products;
			sourceTree = "<group>";
		};
		D368794920F78891005A723E /* NeutronTuningData */ = {
			isa = PBXGroup;
			children = (
				D368795120F788A3005A723E /* Extensions */,
				D368794A20F78891005A723E /* main.swift */,
				D368795220F78BBD005A723E /* MIDIEngine.swift */,
				D368795420F78CF5005A723E /* MessageHandler.swift */,
				D368795620F78E7C005A723E /* NeutronMessage.swift */,
				D368795820F79092005A723E /* Message.swift */,
				D368795A20F79126005A723E /* MessageType.swift */,
				D368795C20F7955B005A723E /* SysexParser.swift */,
				D368796220F79AAA005A723E /* TuningData.swift */,
				D3BA678A210B31760033D76D /* GlobalSettings.swift */,
				D34552C2210B698C009CF6EB /* ParameterType.swift */,
			);
			path = NeutronTuningData;
			sourceTree = "<group>";
		};
		D368795120F788A3005A723E /* Extensions */ = {
			isa = PBXGroup;
			children = (
				D368795E20F79886005A723E /* HexString+Array.swift */,
				D368796020F79A17005A723E /* Units+TimeInterval.swift */,
				D368797020F79F28005A723E /* Array+Sequence.swift */,
				D368797220F79FB5005A723E /* MIDIEndpointRef+String.swift */,
				D34552C4210B7740009CF6EB /* DeepDecription+Any.swift */,
			);
			path = Extensions;
			sourceTree = "<group>";
		};
/* End PBXGroup section */

/* Begin PBXNativeTarget section */
		D34552AE210B5594009CF6EB /* NeutronTuningDataTests */ = {
			isa = PBXNativeTarget;
			buildConfigurationList = D34552B4210B5594009CF6EB /* Build configuration list for PBXNativeTarget "NeutronTuningDataTests" */;
			buildPhases = (
				D34552AB210B5594009CF6EB /* Sources */,
				D34552AC210B5594009CF6EB /* Frameworks */,
				D34552AD210B5594009CF6EB /* Resources */,
			);
			buildRules = (
			);
			dependencies = (
			);
			name = NeutronTuningDataTests;
			productName = NeutronTuningDataTests;
			productReference = D34552AF210B5594009CF6EB /* NeutronTuningDataTests.xctest */;
			productType = "com.apple.product-type.bundle.unit-test";
		};
		D368794620F78891005A723E /* NeutronTuningData */ = {
			isa = PBXNativeTarget;
			buildConfigurationList = D368794E20F78891005A723E /* Build configuration list for PBXNativeTarget "NeutronTuningData" */;
			buildPhases = (
				D368794320F78891005A723E /* Sources */,
				D368794420F78891005A723E /* Frameworks */,
				D368794520F78891005A723E /* CopyFiles */,
			);
			buildRules = (
			);
			dependencies = (
			);
			name = NeutronTuningData;
			productName = NeutronTuningData;
			productReference = D368794720F78891005A723E /* NeutronTuningData */;
			productType = "com.apple.product-type.tool";
		};
/* End PBXNativeTarget section */

/* Begin PBXProject section */
		D368793F20F78891005A723E /* Project object */ = {
			isa = PBXProject;
			attributes = {
				LastSwiftUpdateCheck = 1000;
				LastUpgradeCheck = 0930;
				ORGANIZATIONNAME = "Peter Bloxidge";
				TargetAttributes = {
					D34552AE210B5594009CF6EB = {
						CreatedOnToolsVersion = 10.0;
					};
					D368794620F78891005A723E = {
						CreatedOnToolsVersion = 9.3;
					};
				};
			};
			buildConfigurationList = D368794220F78891005A723E /* Build configuration list for PBXProject "NeutronTuningData" */;
			compatibilityVersion = "Xcode 9.3";
			developmentRegion = en;
			hasScannedForEncodings = 0;
			knownRegions = (
				en,
			);
			mainGroup = D368793E20F78891005A723E;
			productRefGroup = D368794820F78891005A723E /* Products */;
			projectDirPath = "";
			projectRoot = "";
			targets = (
				D368794620F78891005A723E /* NeutronTuningData */,
				D34552AE210B5594009CF6EB /* NeutronTuningDataTests */,
			);
		};
/* End PBXProject section */

/* Begin PBXResourcesBuildPhase section */
		D34552AD210B5594009CF6EB /* Resources */ = {
			isa = PBXResourcesBuildPhase;
			buildActionMask = 2147483647;
			files = (
			);
			runOnlyForDeploymentPostprocessing = 0;
		};
/* End PBXResourcesBuildPhase section */

/* Begin PBXSourcesBuildPhase section */
		D34552AB210B5594009CF6EB /* Sources */ = {
			isa = PBXSourcesBuildPhase;
			buildActionMask = 2147483647;
			files = (
				D34552B9210B5677009CF6EB /* GlobalSettingsTest.swift in Sources */,
				D34552BA210B56AC009CF6EB /* Message.swift in Sources */,
				D34552B7210B5607009CF6EB /* SysexCodingTest.swift in Sources */,
				D34552BB210B56B0009CF6EB /* MessageType.swift in Sources */,
				D34552C3210B698C009CF6EB /* ParameterType.swift in Sources */,
				D34552C6210B7770009CF6EB /* DeepDecription+Any.swift in Sources */,
				D34552C0210B56E2009CF6EB /* Array+Sequence.swift in Sources */,
				D34552BF210B56DB009CF6EB /* HexString+Array.swift in Sources */,
				D34552BE210B56D3009CF6EB /* SysexParser.swift in Sources */,
				D34552BD210B56BE009CF6EB /* NeutronMessage.swift in Sources */,
				D34552BC210B56B7009CF6EB /* GlobalSettings.swift in Sources */,
				D34552C1210B56E5009CF6EB /* MIDIEndpointRef+String.swift in Sources */,
			);
			runOnlyForDeploymentPostprocessing = 0;
		};
		D368794320F78891005A723E /* Sources */ = {
			isa = PBXSourcesBuildPhase;
			buildActionMask = 2147483647;
			files = (
				D3BA678B210B31760033D76D /* GlobalSettings.swift in Sources */,
				D368797120F79F28005A723E /* Array+Sequence.swift in Sources */,
				D34552C7210C93E1009CF6EB /* ParameterType.swift in Sources */,
				D368796320F79AAA005A723E /* TuningData.swift in Sources */,
				D368795320F78BBD005A723E /* MIDIEngine.swift in Sources */,
				D368795520F78CF5005A723E /* MessageHandler.swift in Sources */,
				D368795920F79092005A723E /* Message.swift in Sources */,
				D368795B20F79126005A723E /* MessageType.swift in Sources */,
				D368794B20F78891005A723E /* main.swift in Sources */,
				D368795D20F7955B005A723E /* SysexParser.swift in Sources */,
				D368795F20F79886005A723E /* HexString+Array.swift in Sources */,
				D368796120F79A17005A723E /* Units+TimeInterval.swift in Sources */,
				D34552C5210B7740009CF6EB /* DeepDecription+Any.swift in Sources */,
				D368797320F79FB5005A723E /* MIDIEndpointRef+String.swift in Sources */,
				D368795720F78E7C005A723E /* NeutronMessage.swift in Sources */,
			);
			runOnlyForDeploymentPostprocessing = 0;
		};
/* End PBXSourcesBuildPhase section */

/* Begin XCBuildConfiguration section */
		D34552B5210B5594009CF6EB /* Debug */ = {
			isa = XCBuildConfiguration;
			buildSettings = {
				CODE_SIGN_STYLE = Automatic;
				COMBINE_HIDPI_IMAGES = YES;
				DEVELOPMENT_TEAM = KZ84TRLT54;
				INFOPLIST_FILE = NeutronTuningDataTests/Info.plist;
				LD_RUNPATH_SEARCH_PATHS = (
					"$(inherited)",
					"@executable_path/../Frameworks",
					"@loader_path/../Frameworks",
				);
				MACOSX_DEPLOYMENT_TARGET = 10.14;
				MTL_ENABLE_DEBUG_INFO = INCLUDE_SOURCE;
				MTL_FAST_MATH = YES;
				PRODUCT_BUNDLE_IDENTIFIER = "com.music-group.NeutronTuningDataTests";
				PRODUCT_NAME = "$(TARGET_NAME)";
				SWIFT_VERSION = 4.2;
			};
			name = Debug;
		};
		D34552B6210B5594009CF6EB /* Release */ = {
			isa = XCBuildConfiguration;
			buildSettings = {
				CODE_SIGN_STYLE = Automatic;
				COMBINE_HIDPI_IMAGES = YES;
				DEVELOPMENT_TEAM = KZ84TRLT54;
				INFOPLIST_FILE = NeutronTuningDataTests/Info.plist;
				LD_RUNPATH_SEARCH_PATHS = (
					"$(inherited)",
					"@executable_path/../Frameworks",
					"@loader_path/../Frameworks",
				);
				MACOSX_DEPLOYMENT_TARGET = 10.14;
				MTL_FAST_MATH = YES;
				PRODUCT_BUNDLE_IDENTIFIER = "com.music-group.NeutronTuningDataTests";
				PRODUCT_NAME = "$(TARGET_NAME)";
				SWIFT_VERSION = 4.2;
			};
			name = Release;
		};
		D368794C20F78891005A723E /* Debug */ = {
			isa = XCBuildConfiguration;
			buildSettings = {
				ALWAYS_SEARCH_USER_PATHS = NO;
				CLANG_ANALYZER_NONNULL = YES;
				CLANG_ANALYZER_NUMBER_OBJECT_CONVERSION = YES_AGGRESSIVE;
				CLANG_CXX_LANGUAGE_STANDARD = "gnu++14";
				CLANG_CXX_LIBRARY = "libc++";
				CLANG_ENABLE_MODULES = YES;
				CLANG_ENABLE_OBJC_ARC = YES;
				CLANG_ENABLE_OBJC_WEAK = YES;
				CLANG_WARN_BLOCK_CAPTURE_AUTORELEASING = YES;
				CLANG_WARN_BOOL_CONVERSION = YES;
				CLANG_WARN_COMMA = YES;
				CLANG_WARN_CONSTANT_CONVERSION = YES;
				CLANG_WARN_DEPRECATED_OBJC_IMPLEMENTATIONS = YES;
				CLANG_WARN_DIRECT_OBJC_ISA_USAGE = YES_ERROR;
				CLANG_WARN_DOCUMENTATION_COMMENTS = YES;
				CLANG_WARN_EMPTY_BODY = YES;
				CLANG_WARN_ENUM_CONVERSION = YES;
				CLANG_WARN_INFINITE_RECURSION = YES;
				CLANG_WARN_INT_CONVERSION = YES;
				CLANG_WARN_NON_LITERAL_NULL_CONVERSION = YES;
				CLANG_WARN_OBJC_IMPLICIT_RETAIN_SELF = YES;
				CLANG_WARN_OBJC_LITERAL_CONVERSION = YES;
				CLANG_WARN_OBJC_ROOT_CLASS = YES_ERROR;
				CLANG_WARN_RANGE_LOOP_ANALYSIS = YES;
				CLANG_WARN_STRICT_PROTOTYPES = YES;
				CLANG_WARN_SUSPICIOUS_MOVE = YES;
				CLANG_WARN_UNGUARDED_AVAILABILITY = YES_AGGRESSIVE;
				CLANG_WARN_UNREACHABLE_CODE = YES;
				CLANG_WARN__DUPLICATE_METHOD_MATCH = YES;
				CODE_SIGN_IDENTITY = "Mac Developer";
				COPY_PHASE_STRIP = NO;
				DEBUG_INFORMATION_FORMAT = dwarf;
				ENABLE_STRICT_OBJC_MSGSEND = YES;
				ENABLE_TESTABILITY = YES;
				GCC_C_LANGUAGE_STANDARD = gnu11;
				GCC_DYNAMIC_NO_PIC = NO;
				GCC_NO_COMMON_BLOCKS = YES;
				GCC_OPTIMIZATION_LEVEL = 0;
				GCC_PREPROCESSOR_DEFINITIONS = (
					"DEBUG=1",
					"$(inherited)",
				);
				GCC_WARN_64_TO_32_BIT_CONVERSION = YES;
				GCC_WARN_ABOUT_RETURN_TYPE = YES_ERROR;
				GCC_WARN_UNDECLARED_SELECTOR = YES;
				GCC_WARN_UNINITIALIZED_AUTOS = YES_AGGRESSIVE;
				GCC_WARN_UNUSED_FUNCTION = YES;
				GCC_WARN_UNUSED_VARIABLE = YES;
				MACOSX_DEPLOYMENT_TARGET = 10.13;
				MTL_ENABLE_DEBUG_INFO = YES;
				ONLY_ACTIVE_ARCH = YES;
				SDKROOT = macosx;
				SWIFT_ACTIVE_COMPILATION_CONDITIONS = DEBUG;
				SWIFT_OPTIMIZATION_LEVEL = "-Onone";
			};
			name = Debug;
		};
		D368794D20F78891005A723E /* Release */ = {
			isa = XCBuildConfiguration;
			buildSettings = {
				ALWAYS_SEARCH_USER_PATHS = NO;
				CLANG_ANALYZER_NONNULL = YES;
				CLANG_ANALYZER_NUMBER_OBJECT_CONVERSION = YES_AGGRESSIVE;
				CLANG_CXX_LANGUAGE_STANDARD = "gnu++14";
				CLANG_CXX_LIBRARY = "libc++";
				CLANG_ENABLE_MODULES = YES;
				CLANG_ENABLE_OBJC_ARC = YES;
				CLANG_ENABLE_OBJC_WEAK = YES;
				CLANG_WARN_BLOCK_CAPTURE_AUTORELEASING = YES;
				CLANG_WARN_BOOL_CONVERSION = YES;
				CLANG_WARN_COMMA = YES;
				CLANG_WARN_CONSTANT_CONVERSION = YES;
				CLANG_WARN_DEPRECATED_OBJC_IMPLEMENTATIONS = YES;
				CLANG_WARN_DIRECT_OBJC_ISA_USAGE = YES_ERROR;
				CLANG_WARN_DOCUMENTATION_COMMENTS = YES;
				CLANG_WARN_EMPTY_BODY = YES;
				CLANG_WARN_ENUM_CONVERSION = YES;
				CLANG_WARN_INFINITE_RECURSION = YES;
				CLANG_WARN_INT_CONVERSION = YES;
				CLANG_WARN_NON_LITERAL_NULL_CONVERSION = YES;
				CLANG_WARN_OBJC_IMPLICIT_RETAIN_SELF = YES;
				CLANG_WARN_OBJC_LITERAL_CONVERSION = YES;
				CLANG_WARN_OBJC_ROOT_CLASS = YES_ERROR;
				CLANG_WARN_RANGE_LOOP_ANALYSIS = YES;
				CLANG_WARN_STRICT_PROTOTYPES = YES;
				CLANG_WARN_SUSPICIOUS_MOVE = YES;
				CLANG_WARN_UNGUARDED_AVAILABILITY = YES_AGGRESSIVE;
				CLANG_WARN_UNREACHABLE_CODE = YES;
				CLANG_WARN__DUPLICATE_METHOD_MATCH = YES;
				CODE_SIGN_IDENTITY = "Mac Developer";
				COPY_PHASE_STRIP = NO;
				DEBUG_INFORMATION_FORMAT = "dwarf-with-dsym";
				ENABLE_NS_ASSERTIONS = NO;
				ENABLE_STRICT_OBJC_MSGSEND = YES;
				GCC_C_LANGUAGE_STANDARD = gnu11;
				GCC_NO_COMMON_BLOCKS = YES;
				GCC_WARN_64_TO_32_BIT_CONVERSION = YES;
				GCC_WARN_ABOUT_RETURN_TYPE = YES_ERROR;
				GCC_WARN_UNDECLARED_SELECTOR = YES;
				GCC_WARN_UNINITIALIZED_AUTOS = YES_AGGRESSIVE;
				GCC_WARN_UNUSED_FUNCTION = YES;
				GCC_WARN_UNUSED_VARIABLE = YES;
				MACOSX_DEPLOYMENT_TARGET = 10.13;
				MTL_ENABLE_DEBUG_INFO = NO;
				SDKROOT = macosx;
				SWIFT_COMPILATION_MODE = wholemodule;
				SWIFT_OPTIMIZATION_LEVEL = "-O";
			};
			name = Release;
		};
		D368794F20F78891005A723E /* Debug */ = {
			isa = XCBuildConfiguration;
			buildSettings = {
				CODE_SIGN_STYLE = Automatic;
				DEVELOPMENT_TEAM = KZ84TRLT54;
				PRODUCT_NAME = "$(TARGET_NAME)";
				SWIFT_VERSION = 4.0;
			};
			name = Debug;
		};
		D368795020F78891005A723E /* Release */ = {
			isa = XCBuildConfiguration;
			buildSettings = {
				CODE_SIGN_STYLE = Automatic;
				DEVELOPMENT_TEAM = KZ84TRLT54;
				PRODUCT_NAME = "$(TARGET_NAME)";
				SWIFT_VERSION = 4.0;
			};
			name = Release;
		};
/* End XCBuildConfiguration section */

/* Begin XCConfigurationList section */
		D34552B4210B5594009CF6EB /* Build configuration list for PBXNativeTarget "NeutronTuningDataTests" */ = {
			isa = XCConfigurationList;
			buildConfigurations = (
				D34552B5210B5594009CF6EB /* Debug */,
				D34552B6210B5594009CF6EB /* Release */,
			);
			defaultConfigurationIsVisible = 0;
			defaultConfigurationName = Release;
		};
		D368794220F78891005A723E /* Build configuration list for PBXProject "NeutronTuningData" */ = {
			isa = XCConfigurationList;
			buildConfigurations = (
				D368794C20F78891005A723E /* Debug */,
				D368794D20F78891005A723E /* Release */,
			);
			defaultConfigurationIsVisible = 0;
			defaultConfigurationName = Release;
		};
		D368794E20F78891005A723E /* Build configuration list for PBXNativeTarget "NeutronTuningData" */ = {
			isa = XCConfigurationList;
			buildConfigurations = (
				D368794F20F78891005A723E /* Debug */,
				D368795020F78891005A723E /* Release */,
			);
			defaultConfigurationIsVisible = 0;
			defaultConfigurationName = Release;
		};
/* End XCConfigurationList section */
	};
	rootObject = D368793F20F78891005A723E /* Project object */;
}
